
Microsoft Visual Studio Solution File, Format Version 12.00
# Visual Studio Version 17
VisualStudioVersion = 17.6.33815.320
MinimumVisualStudioVersion = 10.0.40219.1
Project("{9A19103F-16F7-4668-BE54-9A1E7A4F7556}") = "artshare-server", "artshare-server\artshare-server.csproj", "{536EF619-6AF3-4380-8C5F-BCCCA289698E}"
EndProject
Project("{9A19103F-16F7-4668-BE54-9A1E7A4F7556}") = "artshare-server.Core", "artshare-server.Core\artshare-server.Core.csproj", "{692C7313-2694-41FC-9BBA-049D0464E49C}"
EndProject
Project("{9A19103F-16F7-4668-BE54-9A1E7A4F7556}") = "artshare-server.Infrastructure", "artshare-server.Infrastructure\artshare-server.Infrastructure.csproj", "{B7C8CF28-49AE-4680-ADFA-AFB05ADDDC2E}"
EndProject
Project("{9A19103F-16F7-4668-BE54-9A1E7A4F7556}") = "artshare-server.Services", "artshare-server.Services\artshare-server.Services.csproj", "{25292DB1-8644-4904-9647-DAB4B203AC36}"
EndProject
Project("{9A19103F-16F7-4668-BE54-9A1E7A4F7556}") = "artshare-server.Contracts", "artshare-server.Contracts\artshare-server.Contracts.csproj", "{539CC308-22AE-4D11-904E-56C27B671B2A}"
EndProject
Global
	GlobalSection(SolutionConfigurationPlatforms) = preSolution
		Debug|Any CPU = Debug|Any CPU
		Release|Any CPU = Release|Any CPU
	EndGlobalSection
	GlobalSection(ProjectConfigurationPlatforms) = postSolution
		{536EF619-6AF3-4380-8C5F-BCCCA289698E}.Debug|Any CPU.ActiveCfg = Debug|Any CPU
		{536EF619-6AF3-4380-8C5F-BCCCA289698E}.Debug|Any CPU.Build.0 = Debug|Any CPU
		{536EF619-6AF3-4380-8C5F-BCCCA289698E}.Release|Any CPU.ActiveCfg = Release|Any CPU
		{536EF619-6AF3-4380-8C5F-BCCCA289698E}.Release|Any CPU.Build.0 = Release|Any CPU
		{692C7313-2694-41FC-9BBA-049D0464E49C}.Debug|Any CPU.ActiveCfg = Debug|Any CPU
		{692C7313-2694-41FC-9BBA-049D0464E49C}.Debug|Any CPU.Build.0 = Debug|Any CPU
		{692C7313-2694-41FC-9BBA-049D0464E49C}.Release|Any CPU.ActiveCfg = Release|Any CPU
		{692C7313-2694-41FC-9BBA-049D0464E49C}.Release|Any CPU.Build.0 = Release|Any CPU
		{B7C8CF28-49AE-4680-ADFA-AFB05ADDDC2E}.Debug|Any CPU.ActiveCfg = Debug|Any CPU
		{B7C8CF28-49AE-4680-ADFA-AFB05ADDDC2E}.Debug|Any CPU.Build.0 = Debug|Any CPU
		{B7C8CF28-49AE-4680-ADFA-AFB05ADDDC2E}.Release|Any CPU.ActiveCfg = Release|Any CPU
		{B7C8CF28-49AE-4680-ADFA-AFB05ADDDC2E}.Release|Any CPU.Build.0 = Release|Any CPU
		{25292DB1-8644-4904-9647-DAB4B203AC36}.Debug|Any CPU.ActiveCfg = Debug|Any CPU
		{25292DB1-8644-4904-9647-DAB4B203AC36}.Debug|Any CPU.Build.0 = Debug|Any CPU
		{25292DB1-8644-4904-9647-DAB4B203AC36}.Release|Any CPU.ActiveCfg = Release|Any CPU
		{25292DB1-8644-4904-9647-DAB4B203AC36}.Release|Any CPU.Build.0 = Release|Any CPU
		{539CC308-22AE-4D11-904E-56C27B671B2A}.Debug|Any CPU.ActiveCfg = Debug|Any CPU
		{539CC308-22AE-4D11-904E-56C27B671B2A}.Debug|Any CPU.Build.0 = Debug|Any CPU
		{539CC308-22AE-4D11-904E-56C27B671B2A}.Release|Any CPU.ActiveCfg = Release|Any CPU
		{539CC308-22AE-4D11-904E-56C27B671B2A}.Release|Any CPU.Build.0 = Release|Any CPU
	EndGlobalSection
	GlobalSection(SolutionProperties) = preSolution
		HideSolutionNode = FALSE
	EndGlobalSection
	GlobalSection(ExtensibilityGlobals) = postSolution
		SolutionGuid = {885C2658-4B88-4367-9C08-65FBE8EEE725}
	EndGlobalSection
EndGlobal
